
Microsoft Visual Studio Solution File, Format Version 12.00
# Visual Studio 15
VisualStudioVersion = 15.0.28307.1738
MinimumVisualStudioVersion = 10.0.40219.1
Project("{FAE04EC0-301F-11D3-BF4B-00C04F79EFBC}") = "CommonLibs", "CommonLibs\CommonLibs.csproj", "{5E5E61CA-50EF-4E19-B56A-6A33BEA44F7E}"
EndProject
Project("{FAE04EC0-301F-11D3-BF4B-00C04F79EFBC}") = "ApplicationPages", "ApplicationPages\ApplicationPages.csproj", "{3E0E98E1-AF30-4DAC-BD2B-6B284F53A886}"
EndProject
Project("{FAE04EC0-301F-11D3-BF4B-00C04F79EFBC}") = "ApplicationTests", "ApplicationTests\ApplicationTests.csproj", "{DF3AC7DB-D402-4A9A-93F8-B40A71713A2C}"
EndProject
Global
	GlobalSection(SolutionConfigurationPlatforms) = preSolution
		Debug|Any CPU = Debug|Any CPU
		Release|Any CPU = Release|Any CPU
	EndGlobalSection
	GlobalSection(ProjectConfigurationPlatforms) = postSolution
		{5E5E61CA-50EF-4E19-B56A-6A33BEA44F7E}.Debug|Any CPU.ActiveCfg = Debug|Any CPU
		{5E5E61CA-50EF-4E19-B56A-6A33BEA44F7E}.Debug|Any CPU.Build.0 = Debug|Any CPU
		{5E5E61CA-50EF-4E19-B56A-6A33BEA44F7E}.Release|Any CPU.ActiveCfg = Release|Any CPU
		{5E5E61CA-50EF-4E19-B56A-6A33BEA44F7E}.Release|Any CPU.Build.0 = Release|Any CPU
		{3E0E98E1-AF30-4DAC-BD2B-6B284F53A886}.Debug|Any CPU.ActiveCfg = Debug|Any CPU
		{3E0E98E1-AF30-4DAC-BD2B-6B284F53A886}.Debug|Any CPU.Build.0 = Debug|Any CPU
		{3E0E98E1-AF30-4DAC-BD2B-6B284F53A886}.Release|Any CPU.ActiveCfg = Release|Any CPU
		{3E0E98E1-AF30-4DAC-BD2B-6B284F53A886}.Release|Any CPU.Build.0 = Release|Any CPU
		{DF3AC7DB-D402-4A9A-93F8-B40A71713A2C}.Debug|Any CPU.ActiveCfg = Debug|Any CPU
		{DF3AC7DB-D402-4A9A-93F8-B40A71713A2C}.Debug|Any CPU.Build.0 = Debug|Any CPU
		{DF3AC7DB-D402-4A9A-93F8-B40A71713A2C}.Release|Any CPU.ActiveCfg = Release|Any CPU
		{DF3AC7DB-D402-4A9A-93F8-B40A71713A2C}.Release|Any CPU.Build.0 = Release|Any CPU
	EndGlobalSection
	GlobalSection(SolutionProperties) = preSolution
		HideSolutionNode = FALSE
	EndGlobalSection
	GlobalSection(ExtensibilityGlobals) = postSolution
		SolutionGuid = {7E85A6B0-C4AD-46D1-997A-E36C03B7BCF4}
	EndGlobalSection
EndGlobal
